{
  "originHash" : "41a887bd781f0d473f809215bf2c0b3899aba533dfed6f2c40831654738249b2",
  "pins" : [
    {
      "identity" : "numfacts",
      "kind" : "remoteSourceControl",
      "location" : "https://github.com/Ans3301/NumFacts",
      "state" : {
        "branch" : "main",
        "revision" : "7134ec10baa61e73e53a11ac8f7050426e093baa"
      }
    },
    {
      "identity" : "swifterswift",
      "kind" : "remoteSourceControl",
      "location" : "https://github.com/SwifterSwift/SwifterSwift",
      "state" : {
        "revision" : "5a6de915bb80234e1e31b3e3e5f7a7995fc1f4db",
        "version" : "7.0.0"
      }
    }
  ],
  "version" : 3
}
